
Microsoft Visual Studio Solution File, Format Version 12.00
# Visual Studio Version 17
VisualStudioVersion = 17.5.002.0
MinimumVisualStudioVersion = 10.0.40219.1
Project("{9A19103F-16F7-4668-BE54-9A1E7A4F7556}") = "HashCalculator", "HashCalculator\HashCalculator.csproj", "{9D79C596-39E3-455A-B92E-1C3D48233ACE}"
EndProject
Global
	GlobalSection(SolutionConfigurationPlatforms) = preSolution
		Debug|Any CPU = Debug|Any CPU
		Release|Any CPU = Release|Any CPU
	EndGlobalSection
	GlobalSection(ProjectConfigurationPlatforms) = postSolution
		{9D79C596-39E3-455A-B92E-1C3D48233ACE}.Debug|Any CPU.ActiveCfg = Debug|Any CPU
		{9D79C596-39E3-455A-B92E-1C3D48233ACE}.Debug|Any CPU.Build.0 = Debug|Any CPU
		{9D79C596-39E3-455A-B92E-1C3D48233ACE}.Release|Any CPU.ActiveCfg = Release|Any CPU
		{9D79C596-39E3-455A-B92E-1C3D48233ACE}.Release|Any CPU.Build.0 = Release|Any CPU
		{AEB9DC6D-21E6-4D3A-8293-E4BC08A95546}.Debug|Any CPU.ActiveCfg = Debug|Any CPU
		{AEB9DC6D-21E6-4D3A-8293-E4BC08A95546}.Debug|Any CPU.Build.0 = Debug|Any CPU
		{AEB9DC6D-21E6-4D3A-8293-E4BC08A95546}.Release|Any CPU.ActiveCfg = Release|Any CPU
		{AEB9DC6D-21E6-4D3A-8293-E4BC08A95546}.Release|Any CPU.Build.0 = Release|Any CPU
	EndGlobalSection
	GlobalSection(SolutionProperties) = preSolution
		HideSolutionNode = FALSE
	EndGlobalSection
	GlobalSection(NestedProjects) = preSolution
		{EC707DA9-30C2-4BB8-8CB8-0D3636CC4680} = {DE5929B4-6648-4ED3-800C-5B11A68996A1}
		{AEB9DC6D-21E6-4D3A-8293-E4BC08A95546} = {EC707DA9-30C2-4BB8-8CB8-0D3636CC4680}
	EndGlobalSection
	GlobalSection(ExtensibilityGlobals) = postSolution
		SolutionGuid = {6F5000CC-662D-4710-8F22-01F4EF5FBFE2}
	EndGlobalSection
EndGlobal
